
Microsoft Visual Studio Solution File, Format Version 12.00
# Visual Studio 2013
Project("{8BC9CEB8-8B4A-11D0-8D11-00A0C91BC942}") = "ctags", "ctags_vs2013.vcxproj", "{CE5CDD7C-2102-4753-8AAB-7915802BF658}"
EndProject
Global
	GlobalSection(SolutionConfigurationPlatforms) = preSolution
		Debug|Win32 = Debug|Win32
		Release|Win32 = Release|Win32
	EndGlobalSection
	GlobalSection(ProjectConfigurationPlatforms) = postSolution
		{CE5CDD7C-2102-4753-8AAB-7915802BF658}.Debug|Win32.ActiveCfg = Debug|Win32
		{CE5CDD7C-2102-4753-8AAB-7915802BF658}.Debug|Win32.Build.0 = Debug|Win32
		{CE5CDD7C-2102-4753-8AAB-7915802BF658}.Release|Win32.ActiveCfg = Release|Win32
		{CE5CDD7C-2102-4753-8AAB-7915802BF658}.Release|Win32.Build.0 = Release|Win32
	EndGlobalSection
	GlobalSection(SolutionProperties) = preSolution
		HideSolutionNode = FALSE
	EndGlobalSection
EndGlobal
