<?xml version="1.0" encoding="utf-8"?>
<Project ToolsVersion="4.0" xmlns="http://schemas.microsoft.com/developer/msbuild/2003">
  <ItemGroup>
    <Filter Include="Source Files">
      <UniqueIdentifier>{4FC737F1-C7A5-4376-A066-2A32D752A2FF}</UniqueIdentifier>
      <Extensions>cpp;c;cc;cxx;def;odl;idl;hpj;bat;asm;asmx</Extensions>
    </Filter>
    <Filter Include="Header Files">
      <UniqueIdentifier>{93995380-89BD-4b04-88EB-625FBE52EBFB}</UniqueIdentifier>
      <Extensions>h;hpp;hxx;hm;inl;inc;xsd</Extensions>
    </Filter>
    <Filter Include="Resource Files">
      <UniqueIdentifier>{67DA6AB6-F800-4c08-8B7A-83BB121AAD01}</UniqueIdentifier>
      <Extensions>rc;ico;cur;bmp;dlg;rc2;rct;bin;rgs;gif;jpg;jpeg;jpe;resx;tiff;tif;png;wav</Extensions>
    </Filter>
  </ItemGroup>
  <ItemGroup>
    <ClCompile Include="..\ant.c">
      <Filter>Source Files</Filter>
    </ClCompile>
    <ClCompile Include="..\args.c">
      <Filter>Source Files</Filter>
    </ClCompile>
    <ClCompile Include="..\asm.c">
      <Filter>Source Files</Filter>
    </ClCompile>
    <ClCompile Include="..\asp.c">
      <Filter>Source Files</Filter>
    </ClCompile>
    <ClCompile Include="..\awk.c">
      <Filter>Source Files</Filter>
    </ClCompile>
    <ClCompile Include="..\basic.c">
      <Filter>Source Files</Filter>
    </ClCompile>
    <ClCompile Include="..\beta.c">
      <Filter>Source Files</Filter>
    </ClCompile>
    <ClCompile Include="..\c.c">
      <Filter>Source Files</Filter>
    </ClCompile>
    <ClCompile Include="..\cobol.c">
      <Filter>Source Files</Filter>
    </ClCompile>
    <ClCompile Include="..\debug.c">
      <Filter>Source Files</Filter>
    </ClCompile>
    <ClCompile Include="..\dosbatch.c">
      <Filter>Source Files</Filter>
    </ClCompile>
    <ClCompile Include="..\eiffel.c">
      <Filter>Source Files</Filter>
    </ClCompile>
    <ClCompile Include="..\entry.c">
      <Filter>Source Files</Filter>
    </ClCompile>
    <ClCompile Include="..\erlang.c">
      <Filter>Source Files</Filter>
    </ClCompile>
    <ClCompile Include="..\flex.c">
      <Filter>Source Files</Filter>
    </ClCompile>
    <ClCompile Include="..\fortran.c">
      <Filter>Source Files</Filter>
    </ClCompile>
    <ClCompile Include="..\get.c">
      <Filter>Source Files</Filter>
    </ClCompile>
    <ClCompile Include="..\html.c">
      <Filter>Source Files</Filter>
    </ClCompile>
    <ClCompile Include="..\jscript.c">
      <Filter>Source Files</Filter>
    </ClCompile>
    <ClCompile Include="..\keyword.c">
      <Filter>Source Files</Filter>
    </ClCompile>
    <ClCompile Include="..\lisp.c">
      <Filter>Source Files</Filter>
    </ClCompile>
    <ClCompile Include="..\lregex.c">
      <Filter>Source Files</Filter>
    </ClCompile>
    <ClCompile Include="..\lxcmd.c">
      <Filter>Source Files</Filter>
    </ClCompile>
    <ClCompile Include="..\lua.c">
      <Filter>Source Files</Filter>
    </ClCompile>
    <ClCompile Include="..\main.c">
      <Filter>Source Files</Filter>
    </ClCompile>
    <ClCompile Include="..\make.c">
      <Filter>Source Files</Filter>
    </ClCompile>
    <ClCompile Include="..\matlab.c">
      <Filter>Source Files</Filter>
    </ClCompile>
    <ClCompile Include="..\objc.c">
      <Filter>Source Files</Filter>
    </ClCompile>
    <ClCompile Include="..\ocaml.c">
      <Filter>Source Files</Filter>
    </ClCompile>
    <ClCompile Include="..\options.c">
      <Filter>Source Files</Filter>
    </ClCompile>
    <ClCompile Include="..\parse.c">
      <Filter>Source Files</Filter>
    </ClCompile>
    <ClCompile Include="..\pascal.c">
      <Filter>Source Files</Filter>
    </ClCompile>
    <ClCompile Include="..\perl.c">
      <Filter>Source Files</Filter>
    </ClCompile>
    <ClCompile Include="..\php.c">
      <Filter>Source Files</Filter>
    </ClCompile>
    <ClCompile Include="..\python.c">
      <Filter>Source Files</Filter>
    </ClCompile>
    <ClCompile Include="..\read.c">
      <Filter>Source Files</Filter>
    </ClCompile>
    <ClCompile Include="..\gnu_regex\regex.c">
      <Filter>Source Files</Filter>
    </ClCompile>
    <ClCompile Include="..\rexx.c">
      <Filter>Source Files</Filter>
    </ClCompile>
    <ClCompile Include="..\routines.c">
      <Filter>Source Files</Filter>
    </ClCompile>
    <ClCompile Include="..\ruby.c">
      <Filter>Source Files</Filter>
    </ClCompile>
    <ClCompile Include="..\scheme.c">
      <Filter>Source Files</Filter>
    </ClCompile>
    <ClCompile Include="..\sh.c">
      <Filter>Source Files</Filter>
    </ClCompile>
    <ClCompile Include="..\slang.c">
      <Filter>Source Files</Filter>
    </ClCompile>
    <ClCompile Include="..\sml.c">
      <Filter>Source Files</Filter>
    </ClCompile>
    <ClCompile Include="..\sort.c">
      <Filter>Source Files</Filter>
    </ClCompile>
    <ClCompile Include="..\sql.c">
      <Filter>Source Files</Filter>
    </ClCompile>
    <ClCompile Include="..\strlist.c">
      <Filter>Source Files</Filter>
    </ClCompile>
    <ClCompile Include="..\tcl.c">
      <Filter>Source Files</Filter>
    </ClCompile>
    <ClCompile Include="..\tex.c">
      <Filter>Source Files</Filter>
    </ClCompile>
    <ClCompile Include="..\verilog.c">
      <Filter>Source Files</Filter>
    </ClCompile>
    <ClCompile Include="..\vhdl.c">
      <Filter>Source Files</Filter>
    </ClCompile>
    <ClCompile Include="..\vim.c">
      <Filter>Source Files</Filter>
    </ClCompile>
    <ClCompile Include="..\vstring.c">
      <Filter>Source Files</Filter>
    </ClCompile>
    <ClCompile Include="..\windres.c">
      <Filter>Source Files</Filter>
    </ClCompile>
    <ClCompile Include="..\yacc.c">
      <Filter>Source Files</Filter>
    </ClCompile>
    <ClCompile Include="..\tg.c">
      <Filter>Source Files</Filter>
    </ClCompile>
    <ClCompile Include="..\fnmatch\fnmatch.c">
      <Filter>Source Files</Filter>
    </ClCompile>
    <ClCompile Include="..\ada.c">
      <Filter>Source Files</Filter>
    </ClCompile>
    <ClCompile Include="..\css.c">
      <Filter>Source Files</Filter>
    </ClCompile>
    <ClCompile Include="..\falcon.c">
      <Filter>Source Files</Filter>
    </ClCompile>
    <ClCompile Include="..\go.c">
      <Filter>Source Files</Filter>
    </ClCompile>
    <ClCompile Include="..\trashbox.c">
      <Filter>Source Files</Filter>
    </ClCompile>
    <ClCompile Include="..\flags.c">
      <Filter>Source Files</Filter>
    </ClCompile>
  </ItemGroup>
  <ItemGroup>
    <ClInclude Include="..\e_msoft.h">
      <Filter>Header Files</Filter>
    </ClInclude>
  </ItemGroup>
</Project>