<?xml version="1.0" encoding="utf-8"?>
<Project ToolsVersion="4.0" xmlns="http://schemas.microsoft.com/developer/msbuild/2003">
  <ItemGroup>
    <Filter Include="Source Files">
      <UniqueIdentifier>{4FC737F1-C7A5-4376-A066-2A32D752A2FF}</UniqueIdentifier>
      <Extensions>cpp;c;cc;cxx;def;odl;idl;hpj;bat;asm;asmx</Extensions>
    </Filter>
    <Filter Include="Header Files">
      <UniqueIdentifier>{93995380-89BD-4b04-88EB-625FBE52EBFB}</UniqueIdentifier>
      <Extensions>h;hpp;hxx;hm;inl;inc;xsd</Extensions>
    </Filter>
    <Filter Include="Resource Files">
      <UniqueIdentifier>{67DA6AB6-F800-4c08-8B7A-83BB121AAD01}</UniqueIdentifier>
      <Extensions>rc;ico;cur;bmp;dlg;rc2;rct;bin;rgs;gif;jpg;jpeg;jpe;resx;tiff;tif;png;wav</Extensions>
    </Filter>
    <Filter Include="Source Files\Parsers">
      <UniqueIdentifier>{f77929ed-5bdf-496f-9ea6-c3c6180e6ca5}</UniqueIdentifier>
    </Filter>
    <Filter Include="Source Files\optlib">
      <UniqueIdentifier>{3f3f2216-39c2-44f3-8bea-13db663a5c09}</UniqueIdentifier>
    </Filter>
    <Filter Include="Source Files\Parsers\cxx">
      <UniqueIdentifier>{f9b4c892-3488-4eac-9ab2-b69086a06c43}</UniqueIdentifier>
    </Filter>
    <Filter Include="Source Files\win32">
      <UniqueIdentifier>{492b86f3-82b5-455e-89cb-b4213f937614}</UniqueIdentifier>
    </Filter>
    <Filter Include="Source Files\win32\mkstemp">
      <UniqueIdentifier>{71dfb57e-e1b2-4795-96d8-05a2d16af795}</UniqueIdentifier>
    </Filter>
    <Filter Include="Source Files\gnulib">
      <UniqueIdentifier>{a49cb3ac-6c1b-4b33-9bb7-af130fadeee1}</UniqueIdentifier>
    </Filter>
    <Filter Include="Source Files\dsl">
      <UniqueIdentifier>{d6480ae4-8f0c-11eb-8e04-8c1645efab21}</UniqueIdentifier>
    </Filter>
    <Filter Include="Source Files\Main">
      <UniqueIdentifier>{45974afc-d1c3-4696-a74a-60eeaa6e1441}</UniqueIdentifier>
    </Filter>
  </ItemGroup>
  <ItemGroup>
    <ClCompile Include="..\dsl\es.c">
      <Filter>Source Files\dsl</Filter>
    </ClCompile>
    <ClCompile Include="..\dsl\optscript.c">
      <Filter>Source Files\dsl</Filter>
    </ClCompile>
    <ClCompile Include="..\gnulib\fnmatch.c">
      <Filter>Source Files\gnulib</Filter>
    </ClCompile>
    <ClCompile Include="..\gnulib\malloc\dynarray_resize.c">
      <Filter>Source Files\gnulib\malloc</Filter>
    </ClCompile>
    <ClCompile Include="..\gnulib\mempcpy.c">
      <Filter>Source Files\gnulib</Filter>
    </ClCompile>
    <ClCompile Include="..\gnulib\nl_langinfo.c">
      <Filter>Source Files\gnulib</Filter>
    </ClCompile>
    <ClCompile Include="..\gnulib\regex.c">
      <Filter>Source Files\gnulib</Filter>
    </ClCompile>
    <ClCompile Include="..\gnulib\setlocale_null.c">
      <Filter>Source Files\gnulib</Filter>
    </ClCompile>
    <ClCompile Include="..\gnulib\wmempcpy.c">
      <Filter>Source Files\gnulib</Filter>
    </ClCompile>
    <ClCompile Include="..\main\CommonPrelude.c">
      <Filter>Source Files\main</Filter>
    </ClCompile>
    <ClCompile Include="..\main\args.c">
      <Filter>Source Files\main</Filter>
    </ClCompile>
    <ClCompile Include="..\main\cmd.c">
      <Filter>Source Files\main</Filter>
    </ClCompile>
    <ClCompile Include="..\main\colprint.c">
      <Filter>Source Files\main</Filter>
    </ClCompile>
    <ClCompile Include="..\main\debug.c">
      <Filter>Source Files\main</Filter>
    </ClCompile>
    <ClCompile Include="..\main\dependency.c">
      <Filter>Source Files\main</Filter>
    </ClCompile>
    <ClCompile Include="..\main\entry.c">
      <Filter>Source Files\main</Filter>
    </ClCompile>
    <ClCompile Include="..\main\entry_private.c">
      <Filter>Source Files\main</Filter>
    </ClCompile>
    <ClCompile Include="..\main\error.c">
      <Filter>Source Files\main</Filter>
    </ClCompile>
    <ClCompile Include="..\main\field.c">
      <Filter>Source Files\main</Filter>
    </ClCompile>
    <ClCompile Include="..\main\flags.c">
      <Filter>Source Files\main</Filter>
    </ClCompile>
    <ClCompile Include="..\main\fmt.c">
      <Filter>Source Files\main</Filter>
    </ClCompile>
    <ClCompile Include="..\main\htable.c">
      <Filter>Source Files\main</Filter>
    </ClCompile>
    <ClCompile Include="..\main\keyword.c">
      <Filter>Source Files\main</Filter>
    </ClCompile>
    <ClCompile Include="..\main\kind.c">
      <Filter>Source Files\main</Filter>
    </ClCompile>
    <ClCompile Include="..\main\lregex-default.c">
      <Filter>Source Files\main</Filter>
    </ClCompile>
    <ClCompile Include="..\main\lregex.c">
      <Filter>Source Files\main</Filter>
    </ClCompile>
    <ClCompile Include="..\main\lxpath.c">
      <Filter>Source Files\main</Filter>
    </ClCompile>
    <ClCompile Include="..\main\main.c">
      <Filter>Source Files\main</Filter>
    </ClCompile>
    <ClCompile Include="..\main\mio.c">
      <Filter>Source Files\main</Filter>
    </ClCompile>
    <ClCompile Include="..\main\nestlevel.c">
      <Filter>Source Files\main</Filter>
    </ClCompile>
    <ClCompile Include="..\main\numarray.c">
      <Filter>Source Files\main</Filter>
    </ClCompile>
    <ClCompile Include="..\main\objpool.c">
      <Filter>Source Files\main</Filter>
    </ClCompile>
    <ClCompile Include="..\main\options.c">
      <Filter>Source Files\main</Filter>
    </ClCompile>
    <ClCompile Include="..\main\param.c">
      <Filter>Source Files\main</Filter>
    </ClCompile>
    <ClCompile Include="..\main\parse.c">
      <Filter>Source Files\main</Filter>
    </ClCompile>
    <ClCompile Include="..\main\portable-scandir.c">
      <Filter>Source Files\main</Filter>
    </ClCompile>
    <ClCompile Include="..\main\promise.c">
      <Filter>Source Files\main</Filter>
    </ClCompile>
    <ClCompile Include="..\main\ptag.c">
      <Filter>Source Files\main</Filter>
    </ClCompile>
    <ClCompile Include="..\main\ptrarray.c">
      <Filter>Source Files\main</Filter>
    </ClCompile>
    <ClCompile Include="..\main\rbtree.c">
      <Filter>Source Files\main</Filter>
    </ClCompile>
    <ClCompile Include="..\main\read.c">
      <Filter>Source Files\main</Filter>
    </ClCompile>
    <ClCompile Include="..\main\repoinfo.c">
      <Filter>Source Files\main</Filter>
    </ClCompile>
    <ClCompile Include="..\main\routines.c">
      <Filter>Source Files\main</Filter>
    </ClCompile>
    <ClCompile Include="..\main\script.c">
      <Filter>Source Files\main</Filter>
    </ClCompile>
    <ClCompile Include="..\main\selectors.c">
      <Filter>Source Files\main</Filter>
    </ClCompile>
    <ClCompile Include="..\main\sort.c">
      <Filter>Source Files\main</Filter>
    </ClCompile>
    <ClCompile Include="..\main\stats.c">
      <Filter>Source Files\main</Filter>
    </ClCompile>
    <ClCompile Include="..\main\strlist.c">
      <Filter>Source Files\main</Filter>
    </ClCompile>
    <ClCompile Include="..\main\tokeninfo.c">
      <Filter>Source Files\main</Filter>
    </ClCompile>
    <ClCompile Include="..\main\trashbox.c">
      <Filter>Source Files\main</Filter>
    </ClCompile>
    <ClCompile Include="..\main\unwindi.c">
      <Filter>Source Files\main</Filter>
    </ClCompile>
    <ClCompile Include="..\main\vstring.c">
      <Filter>Source Files\main</Filter>
    </ClCompile>
    <ClCompile Include="..\main\writer-ctags.c">
      <Filter>Source Files\main</Filter>
    </ClCompile>
    <ClCompile Include="..\main\writer-etags.c">
      <Filter>Source Files\main</Filter>
    </ClCompile>
    <ClCompile Include="..\main\writer-json.c">
      <Filter>Source Files\main</Filter>
    </ClCompile>
    <ClCompile Include="..\main\writer-xref.c">
      <Filter>Source Files\main</Filter>
    </ClCompile>
    <ClCompile Include="..\main\writer.c">
      <Filter>Source Files\main</Filter>
    </ClCompile>
    <ClCompile Include="..\main\xtag.c">
      <Filter>Source Files\main</Filter>
    </ClCompile>
    <ClCompile Include="..\optlib\cmake.c">
      <Filter>Source Files\optlib</Filter>
    </ClCompile>
    <ClCompile Include="..\optlib\ctags-optlib.c">
      <Filter>Source Files\optlib</Filter>
    </ClCompile>
    <ClCompile Include="..\optlib\elixir.c">
      <Filter>Source Files\optlib</Filter>
    </ClCompile>
    <ClCompile Include="..\optlib\elm.c">
      <Filter>Source Files\optlib</Filter>
    </ClCompile>
    <ClCompile Include="..\optlib\gdbinit.c">
      <Filter>Source Files\optlib</Filter>
    </ClCompile>
    <ClCompile Include="..\optlib\iPythonCell.c">
      <Filter>Source Files\optlib</Filter>
    </ClCompile>
    <ClCompile Include="..\optlib\inko.c">
      <Filter>Source Files\optlib</Filter>
    </ClCompile>
    <ClCompile Include="..\optlib\kconfig.c">
      <Filter>Source Files\optlib</Filter>
    </ClCompile>
    <ClCompile Include="..\optlib\lex.c">
      <Filter>Source Files\optlib</Filter>
    </ClCompile>
    <ClCompile Include="..\optlib\man.c">
      <Filter>Source Files\optlib</Filter>
    </ClCompile>
    <ClCompile Include="..\optlib\meson.c">
      <Filter>Source Files\optlib</Filter>
    </ClCompile>
    <ClCompile Include="..\optlib\mesonOptions.c">
      <Filter>Source Files\optlib</Filter>
    </ClCompile>
    <ClCompile Include="..\optlib\org.c">
      <Filter>Source Files\optlib</Filter>
    </ClCompile>
    <ClCompile Include="..\optlib\passwd.c">
      <Filter>Source Files\optlib</Filter>
    </ClCompile>
    <ClCompile Include="..\optlib\pod.c">
      <Filter>Source Files\optlib</Filter>
    </ClCompile>
    <ClCompile Include="..\optlib\puppetManifest.c">
      <Filter>Source Files\optlib</Filter>
    </ClCompile>
    <ClCompile Include="..\optlib\qemuhx.c">
      <Filter>Source Files\optlib</Filter>
    </ClCompile>
    <ClCompile Include="..\optlib\rpmMacros.c">
      <Filter>Source Files\optlib</Filter>
    </ClCompile>
    <ClCompile Include="..\optlib\scss.c">
      <Filter>Source Files\optlib</Filter>
    </ClCompile>
    <ClCompile Include="..\optlib\systemtap.c">
      <Filter>Source Files\optlib</Filter>
    </ClCompile>
    <ClCompile Include="..\optlib\yacc.c">
      <Filter>Source Files\optlib</Filter>
    </ClCompile>
    <ClCompile Include="..\parsers\abaqus.c">
      <Filter>Source Files\parsers</Filter>
    </ClCompile>
    <ClCompile Include="..\parsers\abc.c">
      <Filter>Source Files\parsers</Filter>
    </ClCompile>
    <ClCompile Include="..\parsers\ada.c">
      <Filter>Source Files\parsers</Filter>
    </ClCompile>
    <ClCompile Include="..\parsers\ant.c">
      <Filter>Source Files\parsers</Filter>
    </ClCompile>
    <ClCompile Include="..\parsers\asciidoc.c">
      <Filter>Source Files\parsers</Filter>
    </ClCompile>
    <ClCompile Include="..\parsers\asm.c">
      <Filter>Source Files\parsers</Filter>
    </ClCompile>
    <ClCompile Include="..\parsers\asp.c">
      <Filter>Source Files\parsers</Filter>
    </ClCompile>
    <ClCompile Include="..\parsers\autoconf.c">
      <Filter>Source Files\parsers</Filter>
    </ClCompile>
    <ClCompile Include="..\parsers\autoit.c">
      <Filter>Source Files\parsers</Filter>
    </ClCompile>
    <ClCompile Include="..\parsers\automake.c">
      <Filter>Source Files\parsers</Filter>
    </ClCompile>
    <ClCompile Include="..\parsers\awk.c">
      <Filter>Source Files\parsers</Filter>
    </ClCompile>
    <ClCompile Include="..\parsers\basic.c">
      <Filter>Source Files\parsers</Filter>
    </ClCompile>
    <ClCompile Include="..\parsers\beta.c">
      <Filter>Source Files\parsers</Filter>
    </ClCompile>
    <ClCompile Include="..\parsers\bibtex.c">
      <Filter>Source Files\parsers</Filter>
    </ClCompile>
    <ClCompile Include="..\parsers\c.c">
      <Filter>Source Files\parsers</Filter>
    </ClCompile>
    <ClCompile Include="..\parsers\clojure.c">
      <Filter>Source Files\parsers</Filter>
    </ClCompile>
    <ClCompile Include="..\parsers\cobol.c">
      <Filter>Source Files\parsers</Filter>
    </ClCompile>
    <ClCompile Include="..\parsers\cpreprocessor.c">
      <Filter>Source Files\parsers</Filter>
    </ClCompile>
    <ClCompile Include="..\parsers\css.c">
      <Filter>Source Files\parsers</Filter>
    </ClCompile>
    <ClCompile Include="..\parsers\cxx\cxx.c">
      <Filter>Source Files\parsers\cxx</Filter>
    </ClCompile>
    <ClCompile Include="..\parsers\cxx\cxx_debug.c">
      <Filter>Source Files\parsers\cxx</Filter>
    </ClCompile>
    <ClCompile Include="..\parsers\cxx\cxx_debug_type.c">
      <Filter>Source Files\parsers\cxx</Filter>
    </ClCompile>
    <ClCompile Include="..\parsers\cxx\cxx_keyword.c">
      <Filter>Source Files\parsers\cxx</Filter>
    </ClCompile>
    <ClCompile Include="..\parsers\cxx\cxx_parser.c">
      <Filter>Source Files\parsers\cxx</Filter>
    </ClCompile>
    <ClCompile Include="..\parsers\cxx\cxx_parser_block.c">
      <Filter>Source Files\parsers\cxx</Filter>
    </ClCompile>
    <ClCompile Include="..\parsers\cxx\cxx_parser_function.c">
      <Filter>Source Files\parsers\cxx</Filter>
    </ClCompile>
    <ClCompile Include="..\parsers\cxx\cxx_parser_lambda.c">
      <Filter>Source Files\parsers\cxx</Filter>
    </ClCompile>
    <ClCompile Include="..\parsers\cxx\cxx_parser_namespace.c">
      <Filter>Source Files\parsers\cxx</Filter>
    </ClCompile>
    <ClCompile Include="..\parsers\cxx\cxx_parser_template.c">
      <Filter>Source Files\parsers\cxx</Filter>
    </ClCompile>
    <ClCompile Include="..\parsers\cxx\cxx_parser_tokenizer.c">
      <Filter>Source Files\parsers\cxx</Filter>
    </ClCompile>
    <ClCompile Include="..\parsers\cxx\cxx_parser_typedef.c">
      <Filter>Source Files\parsers\cxx</Filter>
    </ClCompile>
    <ClCompile Include="..\parsers\cxx\cxx_parser_using.c">
      <Filter>Source Files\parsers\cxx</Filter>
    </ClCompile>
    <ClCompile Include="..\parsers\cxx\cxx_parser_variable.c">
      <Filter>Source Files\parsers\cxx</Filter>
    </ClCompile>
    <ClCompile Include="..\parsers\cxx\cxx_qtmoc.c">
      <Filter>Source Files\parsers\cxx</Filter>
    </ClCompile>
    <ClCompile Include="..\parsers\cxx\cxx_scope.c">
      <Filter>Source Files\parsers\cxx</Filter>
    </ClCompile>
    <ClCompile Include="..\parsers\cxx\cxx_subparser.c">
      <Filter>Source Files\parsers\cxx</Filter>
    </ClCompile>
    <ClCompile Include="..\parsers\cxx\cxx_tag.c">
      <Filter>Source Files\parsers\cxx</Filter>
    </ClCompile>
    <ClCompile Include="..\parsers\cxx\cxx_token.c">
      <Filter>Source Files\parsers\cxx</Filter>
    </ClCompile>
    <ClCompile Include="..\parsers\cxx\cxx_token_chain.c">
      <Filter>Source Files\parsers\cxx</Filter>
    </ClCompile>
    <ClCompile Include="..\parsers\diff.c">
      <Filter>Source Files\parsers</Filter>
    </ClCompile>
    <ClCompile Include="..\parsers\dosbatch.c">
      <Filter>Source Files\parsers</Filter>
    </ClCompile>
    <ClCompile Include="..\parsers\dtd.c">
      <Filter>Source Files\parsers</Filter>
    </ClCompile>
    <ClCompile Include="..\parsers\dts.c">
      <Filter>Source Files\parsers</Filter>
    </ClCompile>
    <ClCompile Include="..\parsers\eiffel.c">
      <Filter>Source Files\parsers</Filter>
    </ClCompile>
    <ClCompile Include="..\parsers\erlang.c">
      <Filter>Source Files\parsers</Filter>
    </ClCompile>
    <ClCompile Include="..\parsers\falcon.c">
      <Filter>Source Files\parsers</Filter>
    </ClCompile>
    <ClCompile Include="..\parsers\flex.c">
      <Filter>Source Files\parsers</Filter>
    </ClCompile>
    <ClCompile Include="..\parsers\fortran.c">
      <Filter>Source Files\parsers</Filter>
    </ClCompile>
    <ClCompile Include="..\parsers\fypp.c">
      <Filter>Source Files\parsers</Filter>
    </ClCompile>
    <ClCompile Include="..\parsers\gdscript.c">
      <Filter>Source Files\parsers</Filter>
    </ClCompile>
    <ClCompile Include="..\parsers\gemspec.c">
      <Filter>Source Files\parsers</Filter>
    </ClCompile>
    <ClCompile Include="..\parsers\go.c">
      <Filter>Source Files\parsers</Filter>
    </ClCompile>
    <ClCompile Include="..\parsers\haskell.c">
      <Filter>Source Files\parsers</Filter>
    </ClCompile>
    <ClCompile Include="..\parsers\haxe.c">
      <Filter>Source Files\parsers</Filter>
    </ClCompile>
    <ClCompile Include="..\parsers\html.c">
      <Filter>Source Files\parsers</Filter>
    </ClCompile>
    <ClCompile Include="..\parsers\iniconf.c">
      <Filter>Source Files\parsers</Filter>
    </ClCompile>
    <ClCompile Include="..\parsers\itcl.c">
      <Filter>Source Files\parsers</Filter>
    </ClCompile>
    <ClCompile Include="..\parsers\jprop.c">
      <Filter>Source Files\parsers</Filter>
    </ClCompile>
    <ClCompile Include="..\parsers\jscript.c">
      <Filter>Source Files\parsers</Filter>
    </ClCompile>
    <ClCompile Include="..\parsers\json.c">
      <Filter>Source Files\parsers</Filter>
    </ClCompile>
    <ClCompile Include="..\parsers\julia.c">
      <Filter>Source Files\parsers</Filter>
    </ClCompile>
    <ClCompile Include="..\parsers\ldscript.c">
      <Filter>Source Files\parsers</Filter>
    </ClCompile>
    <ClCompile Include="..\parsers\lisp.c">
      <Filter>Source Files\parsers</Filter>
    </ClCompile>
    <ClCompile Include="..\parsers\lua.c">
      <Filter>Source Files\parsers</Filter>
    </ClCompile>
    <ClCompile Include="..\parsers\m4.c">
      <Filter>Source Files\parsers</Filter>
    </ClCompile>
    <ClCompile Include="..\parsers\make.c">
      <Filter>Source Files\parsers</Filter>
    </ClCompile>
    <ClCompile Include="..\parsers\markdown.c">
      <Filter>Source Files\parsers</Filter>
    </ClCompile>
    <ClCompile Include="..\parsers\matlab.c">
      <Filter>Source Files\parsers</Filter>
    </ClCompile>
    <ClCompile Include="..\parsers\myrddin.c">
      <Filter>Source Files\parsers</Filter>
    </ClCompile>
    <ClCompile Include="..\parsers\nsis.c">
      <Filter>Source Files\parsers</Filter>
    </ClCompile>
    <ClCompile Include="..\parsers\objc.c">
      <Filter>Source Files\parsers</Filter>
    </ClCompile>
    <ClCompile Include="..\parsers\ocaml.c">
      <Filter>Source Files\parsers</Filter>
    </ClCompile>
    <ClCompile Include="..\parsers\pascal.c">
      <Filter>Source Files\parsers</Filter>
    </ClCompile>
    <ClCompile Include="..\parsers\perl-function-parameters.c">
      <Filter>Source Files\parsers</Filter>
    </ClCompile>
    <ClCompile Include="..\parsers\perl-moose.c">
      <Filter>Source Files\parsers</Filter>
    </ClCompile>
    <ClCompile Include="..\parsers\perl.c">
      <Filter>Source Files\parsers</Filter>
    </ClCompile>
    <ClCompile Include="..\parsers\perl6.c">
      <Filter>Source Files\parsers</Filter>
    </ClCompile>
    <ClCompile Include="..\parsers\php.c">
      <Filter>Source Files\parsers</Filter>
    </ClCompile>
    <ClCompile Include="..\parsers\powershell.c">
      <Filter>Source Files\parsers</Filter>
    </ClCompile>
    <ClCompile Include="..\parsers\protobuf.c">
      <Filter>Source Files\parsers</Filter>
    </ClCompile>
    <ClCompile Include="..\parsers\python.c">
      <Filter>Source Files\parsers</Filter>
    </ClCompile>
    <ClCompile Include="..\parsers\pythonloggingconfig.c">
      <Filter>Source Files\parsers</Filter>
    </ClCompile>
    <ClCompile Include="..\parsers\r-r6class.c">
      <Filter>Source Files\parsers</Filter>
    </ClCompile>
    <ClCompile Include="..\parsers\r-s4class.c">
      <Filter>Source Files\parsers</Filter>
    </ClCompile>
    <ClCompile Include="..\parsers\r.c">
      <Filter>Source Files\parsers</Filter>
    </ClCompile>
    <ClCompile Include="..\parsers\rexx.c">
      <Filter>Source Files\parsers</Filter>
    </ClCompile>
    <ClCompile Include="..\parsers\rmarkdown.c">
      <Filter>Source Files\parsers</Filter>
    </ClCompile>
    <ClCompile Include="..\parsers\robot.c">
      <Filter>Source Files\parsers</Filter>
    </ClCompile>
    <ClCompile Include="..\parsers\rpmspec.c">
      <Filter>Source Files\parsers</Filter>
    </ClCompile>
    <ClCompile Include="..\parsers\rspec.c">
      <Filter>Source Files\parsers</Filter>
    </ClCompile>
    <ClCompile Include="..\parsers\rst.c">
      <Filter>Source Files\parsers</Filter>
    </ClCompile>
    <ClCompile Include="..\parsers\ruby.c">
      <Filter>Source Files\parsers</Filter>
    </ClCompile>
    <ClCompile Include="..\parsers\rust.c">
      <Filter>Source Files\parsers</Filter>
    </ClCompile>
    <ClCompile Include="..\parsers\scheme.c">
      <Filter>Source Files\parsers</Filter>
    </ClCompile>
    <ClCompile Include="..\parsers\sh.c">
      <Filter>Source Files\parsers</Filter>
    </ClCompile>
    <ClCompile Include="..\parsers\slang.c">
      <Filter>Source Files\parsers</Filter>
    </ClCompile>
    <ClCompile Include="..\parsers\sml.c">
      <Filter>Source Files\parsers</Filter>
    </ClCompile>
    <ClCompile Include="..\parsers\sql.c">
      <Filter>Source Files\parsers</Filter>
    </ClCompile>
    <ClCompile Include="..\parsers\systemdunit.c">
      <Filter>Source Files\parsers</Filter>
    </ClCompile>
    <ClCompile Include="..\parsers\tcl.c">
      <Filter>Source Files\parsers</Filter>
    </ClCompile>
    <ClCompile Include="..\parsers\tcloo.c">
      <Filter>Source Files\parsers</Filter>
    </ClCompile>
    <ClCompile Include="..\parsers\tex-beamer.c">
      <Filter>Source Files\parsers</Filter>
    </ClCompile>
    <ClCompile Include="..\parsers\tex.c">
      <Filter>Source Files\parsers</Filter>
    </ClCompile>
    <ClCompile Include="..\parsers\ttcn.c">
      <Filter>Source Files\parsers</Filter>
    </ClCompile>
    <ClCompile Include="..\parsers\txt2tags.c">
      <Filter>Source Files\parsers</Filter>
    </ClCompile>
    <ClCompile Include="..\parsers\typescript.c">
      <Filter>Source Files\parsers</Filter>
    </ClCompile>
    <ClCompile Include="..\parsers\verilog.c">
      <Filter>Source Files\parsers</Filter>
    </ClCompile>
    <ClCompile Include="..\parsers\vhdl.c">
      <Filter>Source Files\parsers</Filter>
    </ClCompile>
    <ClCompile Include="..\parsers\vim.c">
      <Filter>Source Files\parsers</Filter>
    </ClCompile>
    <ClCompile Include="..\parsers\windres.c">
      <Filter>Source Files\parsers</Filter>
    </ClCompile>
    <ClCompile Include="..\parsers\yumrepo.c">
      <Filter>Source Files\parsers</Filter>
    </ClCompile>
    <ClCompile Include="..\win32\mkstemp\mkstemp.c">
      <Filter>Source Files\win32\mkstemp</Filter>
    </ClCompile>
  </ItemGroup>
  <ItemGroup>
    <ClInclude Include="..\dsl\es.h">
      <Filter>Header Files</Filter>
    </ClInclude>
    <ClInclude Include="..\dsl\optscript.h">
      <Filter>Header Files</Filter>
    </ClInclude>
    <ClInclude Include="..\gnulib\fnmatch.h">
      <Filter>Header Files</Filter>
    </ClInclude>
    <ClInclude Include="..\gnulib\regex.h">
      <Filter>Header Files</Filter>
    </ClInclude>
    <ClInclude Include="..\main\args_p.h">
      <Filter>Header Files</Filter>
    </ClInclude>
    <ClInclude Include="..\main\colprint_p.h">
      <Filter>Header Files</Filter>
    </ClInclude>
    <ClInclude Include="..\main\ctags.h">
      <Filter>Header Files</Filter>
    </ClInclude>
    <ClInclude Include="..\main\debug.h">
      <Filter>Header Files</Filter>
    </ClInclude>
    <ClInclude Include="..\main\dependency.h">
      <Filter>Header Files</Filter>
    </ClInclude>
    <ClInclude Include="..\main\dependency_p.h">
      <Filter>Header Files</Filter>
    </ClInclude>
    <ClInclude Include="..\main\e_msoft.h">
      <Filter>Header Files</Filter>
    </ClInclude>
    <ClInclude Include="..\main\entry.h">
      <Filter>Header Files</Filter>
    </ClInclude>
    <ClInclude Include="..\main\entry_p.h">
      <Filter>Header Files</Filter>
    </ClInclude>
    <ClInclude Include="..\main\error_p.h">
      <Filter>Header Files</Filter>
    </ClInclude>
    <ClInclude Include="..\main\field.h">
      <Filter>Header Files</Filter>
    </ClInclude>
    <ClInclude Include="..\main\field_p.h">
      <Filter>Header Files</Filter>
    </ClInclude>
    <ClInclude Include="..\main\flags_p.h">
      <Filter>Header Files</Filter>
    </ClInclude>
    <ClInclude Include="..\main\fmt_p.h">
      <Filter>Header Files</Filter>
    </ClInclude>
    <ClInclude Include="..\main\gcc-attr.h">
      <Filter>Header Files</Filter>
    </ClInclude>
    <ClInclude Include="..\main\general.h">
      <Filter>Header Files</Filter>
    </ClInclude>
    <ClInclude Include="..\main\gvars.h">
      <Filter>Header Files</Filter>
    </ClInclude>
    <ClInclude Include="..\main\htable.h">
      <Filter>Header Files</Filter>
    </ClInclude>
    <ClInclude Include="..\main\inline.h">
      <Filter>Header Files</Filter>
    </ClInclude>
    <ClInclude Include="..\main\keyword.h">
      <Filter>Header Files</Filter>
    </ClInclude>
    <ClInclude Include="..\main\keyword_p.h">
      <Filter>Header Files</Filter>
    </ClInclude>
    <ClInclude Include="..\main\kind.h">
      <Filter>Header Files</Filter>
    </ClInclude>
    <ClInclude Include="..\main\kind_p.h">
      <Filter>Header Files</Filter>
    </ClInclude>
    <ClInclude Include="..\main\lregex.h">
      <Filter>Header Files</Filter>
    </ClInclude>
    <ClInclude Include="..\main\lregex_p.h">
      <Filter>Header Files</Filter>
    </ClInclude>
    <ClInclude Include="..\main\lxpath.h">
      <Filter>Header Files</Filter>
    </ClInclude>
    <ClInclude Include="..\main\lxpath_p.h">
      <Filter>Header Files</Filter>
    </ClInclude>
    <ClInclude Include="..\main\main_p.h">
      <Filter>Header Files</Filter>
    </ClInclude>
    <ClInclude Include="..\main\mio.h">
      <Filter>Header Files</Filter>
    </ClInclude>
    <ClInclude Include="..\main\nestlevel.h">
      <Filter>Header Files</Filter>
    </ClInclude>
    <ClInclude Include="..\main\numarray.h">
      <Filter>Header Files</Filter>
    </ClInclude>
    <ClInclude Include="..\main\objpool.h">
      <Filter>Header Files</Filter>
    </ClInclude>
    <ClInclude Include="..\main\options.h">
      <Filter>Header Files</Filter>
    </ClInclude>
    <ClInclude Include="..\main\options_p.h">
      <Filter>Header Files</Filter>
    </ClInclude>
    <ClInclude Include="..\main\param.h">
      <Filter>Header Files</Filter>
    </ClInclude>
    <ClInclude Include="..\main\param_p.h">
      <Filter>Header Files</Filter>
    </ClInclude>
    <ClInclude Include="..\main\parse.h">
      <Filter>Header Files</Filter>
    </ClInclude>
    <ClInclude Include="..\main\parse_p.h">
      <Filter>Header Files</Filter>
    </ClInclude>
    <ClInclude Include="..\main\parsers_p.h">
      <Filter>Header Files</Filter>
    </ClInclude>
    <ClInclude Include="..\main\portable-dirent_p.h">
      <Filter>Header Files</Filter>
    </ClInclude>
    <ClInclude Include="..\main\promise.h">
      <Filter>Header Files</Filter>
    </ClInclude>
    <ClInclude Include="..\main\promise_p.h">
      <Filter>Header Files</Filter>
    </ClInclude>
    <ClInclude Include="..\main\ptag_p.h">
      <Filter>Header Files</Filter>
    </ClInclude>
    <ClInclude Include="..\main\ptrarray.h">
      <Filter>Header Files</Filter>
    </ClInclude>
    <ClInclude Include="..\main\rbtree.h">
      <Filter>Header Files</Filter>
    </ClInclude>
    <ClInclude Include="..\main\read.h">
      <Filter>Header Files</Filter>
    </ClInclude>
    <ClInclude Include="..\main\read_p.h">
      <Filter>Header Files</Filter>
    </ClInclude>
    <ClInclude Include="..\main\routines.h">
      <Filter>Header Files</Filter>
    </ClInclude>
    <ClInclude Include="..\main\routines_p.h">
      <Filter>Header Files</Filter>
    </ClInclude>
    <ClInclude Include="..\main\script_p.h">
      <Filter>Header Files</Filter>
    </ClInclude>
    <ClInclude Include="..\main\selectors.h">
      <Filter>Header Files</Filter>
    </ClInclude>
    <ClInclude Include="..\main\sort_p.h">
      <Filter>Header Files</Filter>
    </ClInclude>
    <ClInclude Include="..\main\stats_p.h">
      <Filter>Header Files</Filter>
    </ClInclude>
    <ClInclude Include="..\main\strlist.h">
      <Filter>Header Files</Filter>
    </ClInclude>
    <ClInclude Include="..\main\subparser.h">
      <Filter>Header Files</Filter>
    </ClInclude>
    <ClInclude Include="..\main\subparser_p.h">
      <Filter>Header Files</Filter>
    </ClInclude>
    <ClInclude Include="..\main\tokeninfo.h">
      <Filter>Header Files</Filter>
    </ClInclude>
    <ClInclude Include="..\main\trashbox.h">
      <Filter>Header Files</Filter>
    </ClInclude>
    <ClInclude Include="..\main\trashbox_p.h">
      <Filter>Header Files</Filter>
    </ClInclude>
    <ClInclude Include="..\main\types.h">
      <Filter>Header Files</Filter>
    </ClInclude>
    <ClInclude Include="..\main\unwindi.h">
      <Filter>Header Files</Filter>
    </ClInclude>
    <ClInclude Include="..\main\vstring.h">
      <Filter>Header Files</Filter>
    </ClInclude>
    <ClInclude Include="..\main\writer_p.h">
      <Filter>Header Files</Filter>
    </ClInclude>
    <ClInclude Include="..\main\xtag.h">
      <Filter>Header Files</Filter>
    </ClInclude>
    <ClInclude Include="..\main\xtag_p.h">
      <Filter>Header Files</Filter>
    </ClInclude>
    <ClInclude Include="..\parsers\autoconf.h">
      <Filter>Header Files</Filter>
    </ClInclude>
    <ClInclude Include="..\parsers\cpreprocessor.h">
      <Filter>Header Files</Filter>
    </ClInclude>
    <ClInclude Include="..\parsers\cxx\cxx_debug.h">
      <Filter>Header Files</Filter>
    </ClInclude>
    <ClInclude Include="..\parsers\cxx\cxx_keyword.h">
      <Filter>Header Files</Filter>
    </ClInclude>
    <ClInclude Include="..\parsers\cxx\cxx_parser.h">
      <Filter>Header Files</Filter>
    </ClInclude>
    <ClInclude Include="..\parsers\cxx\cxx_parser_internal.h">
      <Filter>Header Files</Filter>
    </ClInclude>
    <ClInclude Include="..\parsers\cxx\cxx_scope.h">
      <Filter>Header Files</Filter>
    </ClInclude>
    <ClInclude Include="..\parsers\cxx\cxx_subparser.h">
      <Filter>Header Files</Filter>
    </ClInclude>
    <ClInclude Include="..\parsers\cxx\cxx_subparser_internal.h">
      <Filter>Header Files</Filter>
    </ClInclude>
    <ClInclude Include="..\parsers\cxx\cxx_tag.h">
      <Filter>Header Files</Filter>
    </ClInclude>
    <ClInclude Include="..\parsers\cxx\cxx_token.h">
      <Filter>Header Files</Filter>
    </ClInclude>
    <ClInclude Include="..\parsers\cxx\cxx_token_chain.h">
      <Filter>Header Files</Filter>
    </ClInclude>
    <ClInclude Include="..\parsers\iniconf.h">
      <Filter>Header Files</Filter>
    </ClInclude>
    <ClInclude Include="..\parsers\m4.h">
      <Filter>Header Files</Filter>
    </ClInclude>
    <ClInclude Include="..\parsers\make.h">
      <Filter>Header Files</Filter>
    </ClInclude>
    <ClInclude Include="..\parsers\markdown.h">
      <Filter>Header Files</Filter>
    </ClInclude>
    <ClInclude Include="..\parsers\perl.h">
      <Filter>Header Files</Filter>
    </ClInclude>
    <ClInclude Include="..\parsers\r.h">
      <Filter>Header Files</Filter>
    </ClInclude>
    <ClInclude Include="..\parsers\ruby.h">
      <Filter>Header Files</Filter>
    </ClInclude>
    <ClInclude Include="..\parsers\tcl.h">
      <Filter>Header Files</Filter>
    </ClInclude>
    <ClInclude Include="..\parsers\tex.h">
      <Filter>Header Files</Filter>
    </ClInclude>
    <ClInclude Include="resource.h">
      <Filter>Header Files</Filter>
    </ClInclude>
  </ItemGroup>
  <ItemGroup>
    <ResourceCompile Include="ctags.rc">
      <Filter>Resource Files</Filter>
    </ResourceCompile>
  </ItemGroup>
</Project>